
Microsoft Visual Studio Solution File, Format Version 12.00
# Visual Studio Version 17
VisualStudioVersion = 17.5.33414.496
MinimumVisualStudioVersion = 10.0.40219.1
Project("{FAE04EC0-301F-11D3-BF4B-00C04F79EFBC}") = "CStoBP", "CStoBP\CStoBP.csproj", "{37111550-1925-4F13-BB03-19688A8AF399}"
EndProject
Global
	GlobalSection(SolutionConfigurationPlatforms) = preSolution
		Debug|Any CPU = Debug|Any CPU
		Release|Any CPU = Release|Any CPU
	EndGlobalSection
	GlobalSection(ProjectConfigurationPlatforms) = postSolution
		{37111550-1925-4F13-BB03-19688A8AF399}.Debug|Any CPU.ActiveCfg = Debug|Any CPU
		{37111550-1925-4F13-BB03-19688A8AF399}.Debug|Any CPU.Build.0 = Debug|Any CPU
		{37111550-1925-4F13-BB03-19688A8AF399}.Release|Any CPU.ActiveCfg = Release|Any CPU
		{37111550-1925-4F13-BB03-19688A8AF399}.Release|Any CPU.Build.0 = Release|Any CPU
	EndGlobalSection
	GlobalSection(SolutionProperties) = preSolution
		HideSolutionNode = FALSE
	EndGlobalSection
	GlobalSection(ExtensibilityGlobals) = postSolution
		SolutionGuid = {012D19AF-7C9B-4AE7-BE5F-1C7D5A911EA9}
	EndGlobalSection
EndGlobal
